version = 1
revision = 3
requires-python = ">=3.12"

[[package]]
name = "aeris"
version = "0.1.0"
source = { virtual = "." }
dependencies = [
    { name = "fastapi" },
    { name = "pydantic" },
]

[package.dev-dependencies]
dev = [
    { name = "httpx" },
    { name = "mypy" },
    { name = "pytest" },
    { name = "ruff" },
]

[package.metadata]
requires-dist = [
    { name = "fastapi", path = "vendor/python/wheels/fastapi-0.116.1-py3-none-any.whl" },
    { name = "pydantic", path = "vendor/python/wheels/pydantic-2.12.5-py3-none-any.whl" },
]

[package.metadata.requires-dev]
dev = [
    { name = "httpx", path = "vendor/python/wheels/httpx-0.28.1-py3-none-any.whl" },
    { name = "mypy", path = "vendor/python/wheels/mypy-1.19.1-py3-none-any.whl" },
    { name = "pytest", path = "vendor/python/wheels/pytest-8.4.2-py3-none-any.whl" },
    { name = "ruff", path = "vendor/python/wheels/ruff-0.12.8-py3-none-win_amd64.whl" },
]

[[package]]
name = "annotated-types"
version = "0.7.0"
source = { registry = "vendor/python/wheels" }
wheels = [
    { path = "annotated_types-0.7.0-py3-none-any.whl" },
]

[[package]]
name = "anyio"
version = "4.13.0"
source = { registry = "vendor/python/wheels" }
dependencies = [
    { name = "idna" },
    { name = "typing-extensions", marker = "python_full_version < '3.13'" },
]
wheels = [
    { path = "anyio-4.13.0-py3-none-any.whl" },
]

[[package]]
name = "certifi"
version = "2026.2.25"
source = { registry = "vendor/python/wheels" }
wheels = [
    { path = "certifi-2026.2.25-py3-none-any.whl" },
]

[[package]]
name = "colorama"
version = "0.4.6"
source = { registry = "vendor/python/wheels" }
wheels = [
    { path = "colorama-0.4.6-py2.py3-none-any.whl" },
]

[[package]]
name = "fastapi"
version = "0.116.1"
source = { path = "vendor/python/wheels/fastapi-0.116.1-py3-none-any.whl" }
dependencies = [
    { name = "pydantic" },
    { name = "starlette" },
    { name = "typing-extensions" },
]
wheels = [
    { filename = "fastapi-0.116.1-py3-none-any.whl", hash = "sha256:77e9d3ab78d3a8470a99ba8d5767cba12c7e67dcb4b800d7a9f2b4d817116f42" },
]

[package.metadata]
requires-dist = [
    { name = "email-validator", marker = "extra == 'all'", specifier = ">=2.0.0" },
    { name = "email-validator", marker = "extra == 'standard'", specifier = ">=2.0.0" },
    { name = "email-validator", marker = "extra == 'standard-no-fastapi-cloud-cli'", specifier = ">=2.0.0" },
    { name = "fastapi-cli", extras = ["standard"], marker = "extra == 'all'", specifier = ">=0.0.8" },
    { name = "fastapi-cli", extras = ["standard"], marker = "extra == 'standard'", specifier = ">=0.0.8" },
    { name = "fastapi-cli", extras = ["standard-no-fastapi-cloud-cli"], marker = "extra == 'standard-no-fastapi-cloud-cli'", specifier = ">=0.0.8" },
    { name = "httpx", marker = "extra == 'all'", specifier = ">=0.23.0" },
    { name = "httpx", marker = "extra == 'standard'", specifier = ">=0.23.0" },
    { name = "httpx", marker = "extra == 'standard-no-fastapi-cloud-cli'", specifier = ">=0.23.0" },
    { name = "itsdangerous", marker = "extra == 'all'", specifier = ">=1.1.0" },
    { name = "jinja2", marker = "extra == 'all'", specifier = ">=3.1.5" },
    { name = "jinja2", marker = "extra == 'standard'", specifier = ">=3.1.5" },
    { name = "jinja2", marker = "extra == 'standard-no-fastapi-cloud-cli'", specifier = ">=3.1.5" },
    { name = "orjson", marker = "extra == 'all'", specifier = ">=3.2.1" },
    { name = "pydantic", specifier = ">=1.7.4,!=1.8,!=1.8.1,!=2.0.0,!=2.0.1,!=2.1.0,<3.0.0" },
    { name = "pydantic-extra-types", marker = "extra == 'all'", specifier = ">=2.0.0" },
    { name = "pydantic-settings", marker = "extra == 'all'", specifier = ">=2.0.0" },
    { name = "python-multipart", marker = "extra == 'all'", specifier = ">=0.0.18" },
    { name = "python-multipart", marker = "extra == 'standard'", specifier = ">=0.0.18" },
    { name = "python-multipart", marker = "extra == 'standard-no-fastapi-cloud-cli'", specifier = ">=0.0.18" },
    { name = "pyyaml", marker = "extra == 'all'", specifier = ">=5.3.1" },
    { name = "starlette", specifier = ">=0.40.0,<0.48.0" },
    { name = "typing-extensions", specifier = ">=4.8.0" },
    { name = "ujson", marker = "extra == 'all'", specifier = ">=4.0.1,!=4.0.2,!=4.1.0,!=4.2.0,!=4.3.0,!=5.0.0,!=5.1.0" },
    { name = "uvicorn", extras = ["standard"], marker = "extra == 'all'", specifier = ">=0.12.0" },
    { name = "uvicorn", extras = ["standard"], marker = "extra == 'standard'", specifier = ">=0.12.0" },
    { name = "uvicorn", extras = ["standard"], marker = "extra == 'standard-no-fastapi-cloud-cli'", specifier = ">=0.12.0" },
]
provides-extras = ["standard", "standard-no-fastapi-cloud-cli", "all"]

[[package]]
name = "h11"
version = "0.16.0"
source = { registry = "vendor/python/wheels" }
wheels = [
    { path = "h11-0.16.0-py3-none-any.whl" },
]

[[package]]
name = "httpcore"
version = "1.0.9"
source = { registry = "vendor/python/wheels" }
dependencies = [
    { name = "certifi" },
    { name = "h11" },
]
wheels = [
    { path = "httpcore-1.0.9-py3-none-any.whl" },
]

[[package]]
name = "httpx"
version = "0.28.1"
source = { path = "vendor/python/wheels/httpx-0.28.1-py3-none-any.whl" }
dependencies = [
    { name = "anyio" },
    { name = "certifi" },
    { name = "httpcore" },
    { name = "idna" },
]
wheels = [
    { filename = "httpx-0.28.1-py3-none-any.whl", hash = "sha256:54bab8704eb5e783e52a2eb5e38423445a2d8f2d23d7568ccffec14dfedf52c4" },
]

[package.metadata]
requires-dist = [
    { name = "anyio" },
    { name = "brotli", marker = "platform_python_implementation == 'CPython' and extra == 'brotli'" },
    { name = "brotlicffi", marker = "platform_python_implementation != 'CPython' and extra == 'brotli'" },
    { name = "certifi" },
    { name = "click", marker = "extra == 'cli'", specifier = "==8.*" },
    { name = "h2", marker = "extra == 'http2'", specifier = ">=3,<5" },
    { name = "httpcore", specifier = "==1.*" },
    { name = "idna" },
    { name = "pygments", marker = "extra == 'cli'", specifier = "==2.*" },
    { name = "rich", marker = "extra == 'cli'", specifier = ">=10,<14" },
    { name = "socksio", marker = "extra == 'socks'", specifier = "==1.*" },
    { name = "zstandard", marker = "extra == 'zstd'", specifier = ">=0.18.0" },
]
provides-extras = ["brotli", "cli", "http2", "socks", "zstd"]

[[package]]
name = "idna"
version = "3.11"
source = { registry = "vendor/python/wheels" }
wheels = [
    { path = "idna-3.11-py3-none-any.whl" },
]

[[package]]
name = "iniconfig"
version = "2.3.0"
source = { registry = "vendor/python/wheels" }
wheels = [
    { path = "iniconfig-2.3.0-py3-none-any.whl" },
]

[[package]]
name = "mypy"
version = "1.19.1"
source = { path = "vendor/python/wheels/mypy-1.19.1-py3-none-any.whl" }
wheels = [
    { filename = "mypy-1.19.1-py3-none-any.whl", hash = "sha256:916ee59ebb36aa07dc0674e70dafe87c2cbe985a3f714a2cd29571950c7e9315" },
]

[[package]]
name = "packaging"
version = "25.0"
source = { registry = "vendor/python/wheels" }
wheels = [
    { path = "packaging-25.0-py3-none-any.whl" },
]

[[package]]
name = "pluggy"
version = "1.6.0"
source = { registry = "vendor/python/wheels" }
wheels = [
    { path = "pluggy-1.6.0-py3-none-any.whl" },
]

[[package]]
name = "pydantic"
version = "2.12.5"
source = { path = "vendor/python/wheels/pydantic-2.12.5-py3-none-any.whl" }
dependencies = [
    { name = "annotated-types" },
    { name = "pydantic-core" },
    { name = "typing-extensions" },
    { name = "typing-inspection" },
]
wheels = [
    { filename = "pydantic-2.12.5-py3-none-any.whl", hash = "sha256:ce292f36af8eb66133ef85608646dfe80d95f76d1a90b3015c03351a4bc43c7c" },
]

[package.metadata]
requires-dist = [
    { name = "annotated-types", specifier = ">=0.6.0" },
    { name = "email-validator", marker = "extra == 'email'", specifier = ">=2.0.0" },
    { name = "pydantic-core", specifier = "==2.41.5" },
    { name = "typing-extensions", specifier = ">=4.14.1" },
    { name = "typing-inspection", specifier = ">=0.4.2" },
    { name = "tzdata", marker = "python_full_version >= '3.9' and sys_platform == 'win32' and extra == 'timezone'" },
]
provides-extras = ["email", "timezone"]

[[package]]
name = "pydantic-core"
version = "2.41.5"
source = { registry = "vendor/python/wheels" }
dependencies = [
    { name = "typing-extensions" },
]
wheels = [
    { path = "pydantic_core-2.41.5-cp312-cp312-win_amd64.whl" },
]

[[package]]
name = "pygments"
version = "2.19.2"
source = { registry = "vendor/python/wheels" }
wheels = [
    { path = "pygments-2.19.2-py3-none-any.whl" },
]

[[package]]
name = "pytest"
version = "8.4.2"
source = { path = "vendor/python/wheels/pytest-8.4.2-py3-none-any.whl" }
dependencies = [
    { name = "colorama", marker = "sys_platform == 'win32'" },
    { name = "iniconfig" },
    { name = "packaging" },
    { name = "pluggy" },
    { name = "pygments" },
]
wheels = [
    { filename = "pytest-8.4.2-py3-none-any.whl", hash = "sha256:08137c2dd63e0ca45badc4a0c51bba60f84c53553a9a31b73dd0dcff6682a378" },
]

[package.metadata]
requires-dist = [
    { name = "argcomplete", marker = "extra == 'dev'" },
    { name = "attrs", marker = "extra == 'dev'", specifier = ">=19.2" },
    { name = "colorama", marker = "sys_platform == 'win32'", specifier = ">=0.4" },
    { name = "exceptiongroup", marker = "python_full_version < '3.11'", specifier = ">=1" },
    { name = "hypothesis", marker = "extra == 'dev'", specifier = ">=3.56" },
    { name = "iniconfig", specifier = ">=1" },
    { name = "mock", marker = "extra == 'dev'" },
    { name = "packaging", specifier = ">=20" },
    { name = "pluggy", specifier = ">=1.5,<2" },
    { name = "pygments", specifier = ">=2.7.2" },
    { name = "requests", marker = "extra == 'dev'" },
    { name = "setuptools", marker = "extra == 'dev'" },
    { name = "tomli", marker = "python_full_version < '3.11'", specifier = ">=1" },
    { name = "xmlschema", marker = "extra == 'dev'" },
]
provides-extras = ["dev"]

[[package]]
name = "ruff"
version = "0.12.8"
source = { path = "vendor/python/wheels/ruff-0.12.8-py3-none-win_amd64.whl" }
wheels = [
    { filename = "ruff-0.12.8-py3-none-win_amd64.whl", hash = "sha256:8a1114fc8992ef1a6d48ceb1f327543db49961d38069a20e4ad8f3b52d76dba5" },
]

[[package]]
name = "starlette"
version = "0.47.2"
source = { registry = "vendor/python/wheels" }
dependencies = [
    { name = "anyio" },
    { name = "typing-extensions", marker = "python_full_version < '3.13'" },
]
wheels = [
    { path = "starlette-0.47.2-py3-none-any.whl" },
]

[[package]]
name = "typing-extensions"
version = "4.15.0"
source = { registry = "vendor/python/wheels" }
wheels = [
    { path = "typing_extensions-4.15.0-py3-none-any.whl" },
]

[[package]]
name = "typing-inspection"
version = "0.4.2"
source = { registry = "vendor/python/wheels" }
dependencies = [
    { name = "typing-extensions" },
]
wheels = [
    { path = "typing_inspection-0.4.2-py3-none-any.whl" },
]
